# THIS IS AN AUTOGENERATED FILE. DO NOT EDIT THIS FILE DIRECTLY.
# yarn lockfile v1


"@types/estree@0.0.39":
  version "0.0.39"
  resolved "https://registry.yarnpkg.com/@types/estree/-/estree-0.0.39.tgz#e177e699ee1b8c22d23174caaa7422644389509f"

"@types/node@*":
  version "10.5.5"
  resolved "https://registry.yarnpkg.com/@types/node/-/node-10.5.5.tgz#8e84d24e896cd77b0d4f73df274027e3149ec2ba"

builtin-modules@^2.0.0:
  version "2.0.0"
  resolved "https://registry.yarnpkg.com/builtin-modules/-/builtin-modules-2.0.0.tgz#60b7ef5ae6546bd7deefa74b08b62a43a232648e"

is-module@^1.0.0:
  version "1.0.0"
  resolved "https://registry.yarnpkg.com/is-module/-/is-module-1.0.0.tgz#3258fb69f78c14d5b815d664336b4cffb6441591"

path-parse@^1.0.5:
  version "1.0.5"
  resolved "https://registry.yarnpkg.com/path-parse/-/path-parse-1.0.5.tgz#3c1adf871ea9cd6c9431b6ea2bd74a0ff055c4c1"

resolve@^1.1.6:
  version "1.8.1"
  resolved "https://registry.yarnpkg.com/resolve/-/resolve-1.8.1.tgz#82f1ec19a423ac1fbd080b0bab06ba36e84a7a26"
  dependencies:
    path-parse "^1.0.5"

rollup-plugin-node-resolve@^3.3.0:
  version "3.3.0"
  resolved "https://registry.yarnpkg.com/rollup-plugin-node-resolve/-/rollup-plugin-node-resolve-3.3.0.tgz#c26d110a36812cbefa7ce117cadcd3439aa1c713"
  dependencies:
    builtin-modules "^2.0.0"
    is-module "^1.0.0"
    resolve "^1.1.6"

rollup@^0.63.5:
  version "0.63.5"
  resolved "https://registry.yarnpkg.com/rollup/-/rollup-0.63.5.tgz#5543eecac9a1b83b7e1be598b5be84c9c0a089db"
  dependencies:
    "@types/estree" "0.0.39"
    "@types/node" "*"

rxjs@^6.2.2:
  version "6.2.2"
  resolved "https://registry.yarnpkg.com/rxjs/-/rxjs-6.2.2.tgz#eb75fa3c186ff5289907d06483a77884586e1cf9"
  dependencies:
    tslib "^1.9.0"

tslib@^1.9.0:
  version "1.9.3"
  resolved "https://registry.yarnpkg.com/tslib/-/tslib-1.9.3.tgz#d7e4dd79245d85428c4d7e4822a79917954ca286"
